
Microsoft Visual Studio Solution File, Format Version 12.00
# Visual Studio 2013
VisualStudioVersion = 12.0.31101.0
MinimumVisualStudioVersion = 10.0.40219.1
Project("{FAE04EC0-301F-11D3-BF4B-00C04F79EFBC}") = "01.ClassChefInCSharp", "01.ClassChefInCSharp\01.ClassChefInCSharp.csproj", "{4A0276D3-B14C-47AF-A809-AF77B2F1437D}"
EndProject
Project("{FAE04EC0-301F-11D3-BF4B-00C04F79EFBC}") = "02.RefactorIfStatements", "02.RefactorIfStatements\02.RefactorIfStatements.csproj", "{684BCBEA-CE18-4534-97F2-343B5523E461}"
EndProject
Project("{FAE04EC0-301F-11D3-BF4B-00C04F79EFBC}") = "03.RefactorTheLoop", "03.RefactorTheLoop\03.RefactorTheLoop.csproj", "{2CA9053F-41CD-4186-B58D-64C82606710E}"
EndProject
Project("{FAE04EC0-301F-11D3-BF4B-00C04F79EFBC}") = "04.RefactorCSharp 1ExamSolutions", "04.RefactorCSharp 1ExamSolutions\04.RefactorCSharp 1ExamSolutions.csproj", "{D40BF9FA-DDDD-472C-9D80-2F58591C4D12}"
EndProject
Global
	GlobalSection(SolutionConfigurationPlatforms) = preSolution
		Debug|Any CPU = Debug|Any CPU
		Release|Any CPU = Release|Any CPU
	EndGlobalSection
	GlobalSection(ProjectConfigurationPlatforms) = postSolution
		{4A0276D3-B14C-47AF-A809-AF77B2F1437D}.Debug|Any CPU.ActiveCfg = Debug|Any CPU
		{4A0276D3-B14C-47AF-A809-AF77B2F1437D}.Debug|Any CPU.Build.0 = Debug|Any CPU
		{4A0276D3-B14C-47AF-A809-AF77B2F1437D}.Release|Any CPU.ActiveCfg = Release|Any CPU
		{4A0276D3-B14C-47AF-A809-AF77B2F1437D}.Release|Any CPU.Build.0 = Release|Any CPU
		{684BCBEA-CE18-4534-97F2-343B5523E461}.Debug|Any CPU.ActiveCfg = Debug|Any CPU
		{684BCBEA-CE18-4534-97F2-343B5523E461}.Debug|Any CPU.Build.0 = Debug|Any CPU
		{684BCBEA-CE18-4534-97F2-343B5523E461}.Release|Any CPU.ActiveCfg = Release|Any CPU
		{684BCBEA-CE18-4534-97F2-343B5523E461}.Release|Any CPU.Build.0 = Release|Any CPU
		{2CA9053F-41CD-4186-B58D-64C82606710E}.Debug|Any CPU.ActiveCfg = Debug|Any CPU
		{2CA9053F-41CD-4186-B58D-64C82606710E}.Debug|Any CPU.Build.0 = Debug|Any CPU
		{2CA9053F-41CD-4186-B58D-64C82606710E}.Release|Any CPU.ActiveCfg = Release|Any CPU
		{2CA9053F-41CD-4186-B58D-64C82606710E}.Release|Any CPU.Build.0 = Release|Any CPU
		{D40BF9FA-DDDD-472C-9D80-2F58591C4D12}.Debug|Any CPU.ActiveCfg = Debug|Any CPU
		{D40BF9FA-DDDD-472C-9D80-2F58591C4D12}.Debug|Any CPU.Build.0 = Debug|Any CPU
		{D40BF9FA-DDDD-472C-9D80-2F58591C4D12}.Release|Any CPU.ActiveCfg = Release|Any CPU
		{D40BF9FA-DDDD-472C-9D80-2F58591C4D12}.Release|Any CPU.Build.0 = Release|Any CPU
	EndGlobalSection
	GlobalSection(SolutionProperties) = preSolution
		HideSolutionNode = FALSE
	EndGlobalSection
EndGlobal
