
Microsoft Visual Studio Solution File, Format Version 12.00
# Visual Studio 2013
VisualStudioVersion = 12.0.31101.0
MinimumVisualStudioVersion = 10.0.40219.1
Project("{FAE04EC0-301F-11D3-BF4B-00C04F79EFBC}") = "ClassBooleaninC", "Task_1.Class_123inC\ClassBooleaninC.csproj", "{3B38D263-B1BD-4A00-A8C1-2C86ED30C129}"
EndProject
Project("{FAE04EC0-301F-11D3-BF4B-00C04F79EFBC}") = "MakePersonInC", "Task_2.Make_ЧуекInC\MakePersonInC.csproj", "{1CB6063C-0D54-4A38-B98D-5CFCE589810D}"
EndProject
Project("{FAE04EC0-301F-11D3-BF4B-00C04F79EFBC}") = "ButtonClickJavaScript", "ButtonClickJavaScript\ButtonClickJavaScript.csproj", "{87827FE1-199E-4145-9249-031342ABFC65}"
EndProject
Project("{FAE04EC0-301F-11D3-BF4B-00C04F79EFBC}") = "Re-factorAndImproveTheCode", "Re-factorAndImproveTheCode\Re-factorAndImproveTheCode.csproj", "{B79B7682-2909-4F2C-B94E-8715A9BA835B}"
EndProject
Global
	GlobalSection(SolutionConfigurationPlatforms) = preSolution
		Debug|Any CPU = Debug|Any CPU
		Release|Any CPU = Release|Any CPU
	EndGlobalSection
	GlobalSection(ProjectConfigurationPlatforms) = postSolution
		{3B38D263-B1BD-4A00-A8C1-2C86ED30C129}.Debug|Any CPU.ActiveCfg = Debug|Any CPU
		{3B38D263-B1BD-4A00-A8C1-2C86ED30C129}.Debug|Any CPU.Build.0 = Debug|Any CPU
		{3B38D263-B1BD-4A00-A8C1-2C86ED30C129}.Release|Any CPU.ActiveCfg = Release|Any CPU
		{3B38D263-B1BD-4A00-A8C1-2C86ED30C129}.Release|Any CPU.Build.0 = Release|Any CPU
		{1CB6063C-0D54-4A38-B98D-5CFCE589810D}.Debug|Any CPU.ActiveCfg = Debug|Any CPU
		{1CB6063C-0D54-4A38-B98D-5CFCE589810D}.Debug|Any CPU.Build.0 = Debug|Any CPU
		{1CB6063C-0D54-4A38-B98D-5CFCE589810D}.Release|Any CPU.ActiveCfg = Release|Any CPU
		{1CB6063C-0D54-4A38-B98D-5CFCE589810D}.Release|Any CPU.Build.0 = Release|Any CPU
		{87827FE1-199E-4145-9249-031342ABFC65}.Debug|Any CPU.ActiveCfg = Debug|Any CPU
		{87827FE1-199E-4145-9249-031342ABFC65}.Debug|Any CPU.Build.0 = Debug|Any CPU
		{87827FE1-199E-4145-9249-031342ABFC65}.Release|Any CPU.ActiveCfg = Release|Any CPU
		{87827FE1-199E-4145-9249-031342ABFC65}.Release|Any CPU.Build.0 = Release|Any CPU
		{B79B7682-2909-4F2C-B94E-8715A9BA835B}.Debug|Any CPU.ActiveCfg = Debug|Any CPU
		{B79B7682-2909-4F2C-B94E-8715A9BA835B}.Debug|Any CPU.Build.0 = Debug|Any CPU
		{B79B7682-2909-4F2C-B94E-8715A9BA835B}.Release|Any CPU.ActiveCfg = Release|Any CPU
		{B79B7682-2909-4F2C-B94E-8715A9BA835B}.Release|Any CPU.Build.0 = Release|Any CPU
	EndGlobalSection
	GlobalSection(SolutionProperties) = preSolution
		HideSolutionNode = FALSE
	EndGlobalSection
EndGlobal
