
Microsoft Visual Studio Solution File, Format Version 12.00
# Visual Studio 2013
VisualStudioVersion = 12.0.21005.1
MinimumVisualStudioVersion = 10.0.40219.1
Project("{FAE04EC0-301F-11D3-BF4B-00C04F79EFBC}") = "HelloCSharp", "Problem-4.HelloCSharp\HelloCSharp.csproj", "{BB0E814E-8460-4E8F-BF62-1F306A6450E3}"
EndProject
Project("{FAE04EC0-301F-11D3-BF4B-00C04F79EFBC}") = "PrintMyName", "Problem-5.PrintMyName\PrintMyName.csproj", "{3FBA0912-8C04-4C9E-B1EE-CD49634AA276}"
EndProject
Project("{FAE04EC0-301F-11D3-BF4B-00C04F79EFBC}") = "PrintNumbers", "Problem-6.PrintNumbers\PrintNumbers.csproj", "{15B8523C-78BF-4B58-90E9-48679CB05B1E}"
EndProject
Project("{FAE04EC0-301F-11D3-BF4B-00C04F79EFBC}") = "PrintFirstAndLastName", "Problem-7.PrintFirstAndLastName\PrintFirstAndLastName.csproj", "{C8A27C5F-DD14-400C-A41D-984E6D536E9C}"
EndProject
Project("{FAE04EC0-301F-11D3-BF4B-00C04F79EFBC}") = "PrintASequence", "Problem-9.PrintASequence\PrintASequence.csproj", "{2243FF60-528E-41C5-B64E-6BAEFE91BB49}"
EndProject
Project("{FAE04EC0-301F-11D3-BF4B-00C04F79EFBC}") = "SquareRoot", "Problem-8.SquareRoot\SquareRoot.csproj", "{4ACDC508-536C-499F-9F90-09A25B9A31A2}"
EndProject
Project("{FAE04EC0-301F-11D3-BF4B-00C04F79EFBC}") = "ReformatCSharpCode", "Problem-10.ReformatCSharpCode\ReformatCSharpCode.csproj", "{4228B2AD-374D-439A-B6F0-19955122F193}"
EndProject
Project("{FAE04EC0-301F-11D3-BF4B-00C04F79EFBC}") = "CurrentDateAndTime", "Problem-14.CurrentDateAndTime\CurrentDateAndTime.csproj", "{434ADD18-052B-4FF2-BB67-C6D2FF1580DC}"
EndProject
Project("{FAE04EC0-301F-11D3-BF4B-00C04F79EFBC}") = "AgeAfter10Years", "Problem-15.AgeAfter10Years\AgeAfter10Years.csproj", "{0356D683-1F3A-411F-A25C-820535BA57AF}"
EndProject
Project("{FAE04EC0-301F-11D3-BF4B-00C04F79EFBC}") = "PrintLongSecuence", "Problem-16.PrintLongSecuence\PrintLongSecuence.csproj", "{200063BF-B02A-4F65-81F4-AF8C9963FBEF}"
EndProject
Project("{FAE04EC0-301F-11D3-BF4B-00C04F79EFBC}") = "PlayDebugger", "PlayDebugger\PlayDebugger.csproj", "{C789EFA0-0157-4674-B9FF-DD8EE6CC5A82}"
EndProject
Global
	GlobalSection(SolutionConfigurationPlatforms) = preSolution
		Debug|Any CPU = Debug|Any CPU
		Release|Any CPU = Release|Any CPU
	EndGlobalSection
	GlobalSection(ProjectConfigurationPlatforms) = postSolution
		{BB0E814E-8460-4E8F-BF62-1F306A6450E3}.Debug|Any CPU.ActiveCfg = Debug|Any CPU
		{BB0E814E-8460-4E8F-BF62-1F306A6450E3}.Debug|Any CPU.Build.0 = Debug|Any CPU
		{BB0E814E-8460-4E8F-BF62-1F306A6450E3}.Release|Any CPU.ActiveCfg = Release|Any CPU
		{BB0E814E-8460-4E8F-BF62-1F306A6450E3}.Release|Any CPU.Build.0 = Release|Any CPU
		{3FBA0912-8C04-4C9E-B1EE-CD49634AA276}.Debug|Any CPU.ActiveCfg = Debug|Any CPU
		{3FBA0912-8C04-4C9E-B1EE-CD49634AA276}.Debug|Any CPU.Build.0 = Debug|Any CPU
		{3FBA0912-8C04-4C9E-B1EE-CD49634AA276}.Release|Any CPU.ActiveCfg = Release|Any CPU
		{3FBA0912-8C04-4C9E-B1EE-CD49634AA276}.Release|Any CPU.Build.0 = Release|Any CPU
		{15B8523C-78BF-4B58-90E9-48679CB05B1E}.Debug|Any CPU.ActiveCfg = Debug|Any CPU
		{15B8523C-78BF-4B58-90E9-48679CB05B1E}.Debug|Any CPU.Build.0 = Debug|Any CPU
		{15B8523C-78BF-4B58-90E9-48679CB05B1E}.Release|Any CPU.ActiveCfg = Release|Any CPU
		{15B8523C-78BF-4B58-90E9-48679CB05B1E}.Release|Any CPU.Build.0 = Release|Any CPU
		{C8A27C5F-DD14-400C-A41D-984E6D536E9C}.Debug|Any CPU.ActiveCfg = Debug|Any CPU
		{C8A27C5F-DD14-400C-A41D-984E6D536E9C}.Debug|Any CPU.Build.0 = Debug|Any CPU
		{C8A27C5F-DD14-400C-A41D-984E6D536E9C}.Release|Any CPU.ActiveCfg = Release|Any CPU
		{C8A27C5F-DD14-400C-A41D-984E6D536E9C}.Release|Any CPU.Build.0 = Release|Any CPU
		{2243FF60-528E-41C5-B64E-6BAEFE91BB49}.Debug|Any CPU.ActiveCfg = Debug|Any CPU
		{2243FF60-528E-41C5-B64E-6BAEFE91BB49}.Debug|Any CPU.Build.0 = Debug|Any CPU
		{2243FF60-528E-41C5-B64E-6BAEFE91BB49}.Release|Any CPU.ActiveCfg = Release|Any CPU
		{2243FF60-528E-41C5-B64E-6BAEFE91BB49}.Release|Any CPU.Build.0 = Release|Any CPU
		{4ACDC508-536C-499F-9F90-09A25B9A31A2}.Debug|Any CPU.ActiveCfg = Debug|Any CPU
		{4ACDC508-536C-499F-9F90-09A25B9A31A2}.Debug|Any CPU.Build.0 = Debug|Any CPU
		{4ACDC508-536C-499F-9F90-09A25B9A31A2}.Release|Any CPU.ActiveCfg = Release|Any CPU
		{4ACDC508-536C-499F-9F90-09A25B9A31A2}.Release|Any CPU.Build.0 = Release|Any CPU
		{4228B2AD-374D-439A-B6F0-19955122F193}.Debug|Any CPU.ActiveCfg = Debug|Any CPU
		{4228B2AD-374D-439A-B6F0-19955122F193}.Debug|Any CPU.Build.0 = Debug|Any CPU
		{4228B2AD-374D-439A-B6F0-19955122F193}.Release|Any CPU.ActiveCfg = Release|Any CPU
		{4228B2AD-374D-439A-B6F0-19955122F193}.Release|Any CPU.Build.0 = Release|Any CPU
		{434ADD18-052B-4FF2-BB67-C6D2FF1580DC}.Debug|Any CPU.ActiveCfg = Debug|Any CPU
		{434ADD18-052B-4FF2-BB67-C6D2FF1580DC}.Debug|Any CPU.Build.0 = Debug|Any CPU
		{434ADD18-052B-4FF2-BB67-C6D2FF1580DC}.Release|Any CPU.ActiveCfg = Release|Any CPU
		{434ADD18-052B-4FF2-BB67-C6D2FF1580DC}.Release|Any CPU.Build.0 = Release|Any CPU
		{0356D683-1F3A-411F-A25C-820535BA57AF}.Debug|Any CPU.ActiveCfg = Debug|Any CPU
		{0356D683-1F3A-411F-A25C-820535BA57AF}.Debug|Any CPU.Build.0 = Debug|Any CPU
		{0356D683-1F3A-411F-A25C-820535BA57AF}.Release|Any CPU.ActiveCfg = Release|Any CPU
		{0356D683-1F3A-411F-A25C-820535BA57AF}.Release|Any CPU.Build.0 = Release|Any CPU
		{200063BF-B02A-4F65-81F4-AF8C9963FBEF}.Debug|Any CPU.ActiveCfg = Debug|Any CPU
		{200063BF-B02A-4F65-81F4-AF8C9963FBEF}.Debug|Any CPU.Build.0 = Debug|Any CPU
		{200063BF-B02A-4F65-81F4-AF8C9963FBEF}.Release|Any CPU.ActiveCfg = Release|Any CPU
		{200063BF-B02A-4F65-81F4-AF8C9963FBEF}.Release|Any CPU.Build.0 = Release|Any CPU
		{C789EFA0-0157-4674-B9FF-DD8EE6CC5A82}.Debug|Any CPU.ActiveCfg = Debug|Any CPU
		{C789EFA0-0157-4674-B9FF-DD8EE6CC5A82}.Debug|Any CPU.Build.0 = Debug|Any CPU
		{C789EFA0-0157-4674-B9FF-DD8EE6CC5A82}.Release|Any CPU.ActiveCfg = Release|Any CPU
		{C789EFA0-0157-4674-B9FF-DD8EE6CC5A82}.Release|Any CPU.Build.0 = Release|Any CPU
	EndGlobalSection
	GlobalSection(SolutionProperties) = preSolution
		HideSolutionNode = FALSE
	EndGlobalSection
EndGlobal
