
Microsoft Visual Studio Solution File, Format Version 12.00
# Visual Studio 2013
VisualStudioVersion = 12.0.21005.1
MinimumVisualStudioVersion = 10.0.40219.1
Project("{FAE04EC0-301F-11D3-BF4B-00C04F79EFBC}") = "01-NumbersFrom1toN", "NumbersFrom1toN\01-NumbersFrom1toN.csproj", "{736F3ED3-BA98-4AAA-BB7B-CA9DB2C8C699}"
EndProject
Project("{FAE04EC0-301F-11D3-BF4B-00C04F79EFBC}") = "02-NumbersNotDivisibleBy3And7", "NumbersNotDivisibleBy3And7\02-NumbersNotDivisibleBy3And7.csproj", "{10141676-AE96-470B-B4C2-3A7EBC8039BE}"
EndProject
Project("{FAE04EC0-301F-11D3-BF4B-00C04F79EFBC}") = "03-MinMaxSumAndAveragOfNNumbers", "03-MinMaxSumAndAveragOfNNumbers\03-MinMaxSumAndAveragOfNNumbers.csproj", "{188307C1-4428-4C9C-A795-0F3354056DAE}"
EndProject
Project("{FAE04EC0-301F-11D3-BF4B-00C04F79EFBC}") = "04-PrintADeckOf52Cards", "04-PrintADeckOf52Cards\04-PrintADeckOf52Cards.csproj", "{A543327D-26EF-440C-AADE-3225F1E536C5}"
EndProject
Project("{FAE04EC0-301F-11D3-BF4B-00C04F79EFBC}") = "05-Calculate N!X^N", "05-Calculate N!X^N\05-Calculate N!X^N.csproj", "{719FC1F8-8DF7-40ED-BA2F-3E6B3BB74055}"
EndProject
Project("{FAE04EC0-301F-11D3-BF4B-00C04F79EFBC}") = "06-CalculateNK", "06-CalculateNK\06-CalculateNK.csproj", "{73C1CC6E-BF1A-4847-9836-47FBFF227EC7}"
EndProject
Project("{FAE04EC0-301F-11D3-BF4B-00C04F79EFBC}") = "07-CalculateNKNK", "07-CalculateNKNK\07-CalculateNKNK.csproj", "{F11EDE73-E69F-46B2-95E3-6F8D285DE3AF}"
EndProject
Project("{FAE04EC0-301F-11D3-BF4B-00C04F79EFBC}") = "08-CatalanNumbers", "CatalanNumbers\08-CatalanNumbers.csproj", "{48C268D6-CB97-43C1-9D64-83E347F985FE}"
EndProject
Project("{FAE04EC0-301F-11D3-BF4B-00C04F79EFBC}") = "09-MatrixOfNumbers", "09-MatrixOfNumbers\09-MatrixOfNumbers.csproj", "{B2DC3EDA-AE0D-4CC6-958C-429968A09E07}"
EndProject
Project("{FAE04EC0-301F-11D3-BF4B-00C04F79EFBC}") = "10-OddAndEvenProduct", "10-OddAndEvenProduct\10-OddAndEvenProduct.csproj", "{3FF0B97C-DBDA-415F-BDC5-9006E9EB6908}"
EndProject
Project("{FAE04EC0-301F-11D3-BF4B-00C04F79EFBC}") = "11-RandomNumbersInGivenRange", "11-RandomNumbersInGivenRange\11-RandomNumbersInGivenRange.csproj", "{6BF9FE64-CB7C-4F8F-8970-509FA8C14276}"
EndProject
Project("{FAE04EC0-301F-11D3-BF4B-00C04F79EFBC}") = "12-RandomizeTheNumbers1…N", "12-RandomizeTheNumbers1…N\12-RandomizeTheNumbers1…N.csproj", "{BD6D0F26-3DCC-40F3-84E3-F22CBC325F1A}"
EndProject
Project("{FAE04EC0-301F-11D3-BF4B-00C04F79EFBC}") = "13-BinarytoDecimalNumber", "13-BinarytoDecimalNumber\13-BinarytoDecimalNumber.csproj", "{25097510-BCB3-4619-A59D-27FB7C082DB3}"
EndProject
Project("{FAE04EC0-301F-11D3-BF4B-00C04F79EFBC}") = "14-DecimalToBinaryNumber", "14-DecimalToBinaryNumber\14-DecimalToBinaryNumber.csproj", "{0F588B05-3B46-4C20-81E3-2CFB42F7DB27}"
EndProject
Project("{FAE04EC0-301F-11D3-BF4B-00C04F79EFBC}") = "15-HexadecimalToDecimalNumber", "15-HexadecimalToDecimalNumber\15-HexadecimalToDecimalNumber.csproj", "{B7219893-26B6-4024-A1E2-32B940C171EC}"
EndProject
Project("{FAE04EC0-301F-11D3-BF4B-00C04F79EFBC}") = "16-DecimalToHexadecimalNumber", "16-DecimalToHexadecimalNumber\16-DecimalToHexadecimalNumber.csproj", "{08859CBA-450F-48A5-A8D8-F90AFBEBA024}"
EndProject
Project("{FAE04EC0-301F-11D3-BF4B-00C04F79EFBC}") = "17-CalculateGCD", "17-CalculateGCD\17-CalculateGCD.csproj", "{A715DC72-38F2-4C8D-91B5-1C86A850EE14}"
EndProject
Project("{FAE04EC0-301F-11D3-BF4B-00C04F79EFBC}") = "18-TrailingZeroesInNfac", "18-TrailingZeroesInNfac\18-TrailingZeroesInNfac.csproj", "{7A17D265-F561-4850-AD7C-7E9816F5539F}"
EndProject
Global
	GlobalSection(SolutionConfigurationPlatforms) = preSolution
		Debug|Any CPU = Debug|Any CPU
		Release|Any CPU = Release|Any CPU
	EndGlobalSection
	GlobalSection(ProjectConfigurationPlatforms) = postSolution
		{736F3ED3-BA98-4AAA-BB7B-CA9DB2C8C699}.Debug|Any CPU.ActiveCfg = Debug|Any CPU
		{736F3ED3-BA98-4AAA-BB7B-CA9DB2C8C699}.Debug|Any CPU.Build.0 = Debug|Any CPU
		{736F3ED3-BA98-4AAA-BB7B-CA9DB2C8C699}.Release|Any CPU.ActiveCfg = Release|Any CPU
		{736F3ED3-BA98-4AAA-BB7B-CA9DB2C8C699}.Release|Any CPU.Build.0 = Release|Any CPU
		{10141676-AE96-470B-B4C2-3A7EBC8039BE}.Debug|Any CPU.ActiveCfg = Debug|Any CPU
		{10141676-AE96-470B-B4C2-3A7EBC8039BE}.Debug|Any CPU.Build.0 = Debug|Any CPU
		{10141676-AE96-470B-B4C2-3A7EBC8039BE}.Release|Any CPU.ActiveCfg = Release|Any CPU
		{10141676-AE96-470B-B4C2-3A7EBC8039BE}.Release|Any CPU.Build.0 = Release|Any CPU
		{188307C1-4428-4C9C-A795-0F3354056DAE}.Debug|Any CPU.ActiveCfg = Debug|Any CPU
		{188307C1-4428-4C9C-A795-0F3354056DAE}.Debug|Any CPU.Build.0 = Debug|Any CPU
		{188307C1-4428-4C9C-A795-0F3354056DAE}.Release|Any CPU.ActiveCfg = Release|Any CPU
		{188307C1-4428-4C9C-A795-0F3354056DAE}.Release|Any CPU.Build.0 = Release|Any CPU
		{A543327D-26EF-440C-AADE-3225F1E536C5}.Debug|Any CPU.ActiveCfg = Debug|Any CPU
		{A543327D-26EF-440C-AADE-3225F1E536C5}.Debug|Any CPU.Build.0 = Debug|Any CPU
		{A543327D-26EF-440C-AADE-3225F1E536C5}.Release|Any CPU.ActiveCfg = Release|Any CPU
		{A543327D-26EF-440C-AADE-3225F1E536C5}.Release|Any CPU.Build.0 = Release|Any CPU
		{719FC1F8-8DF7-40ED-BA2F-3E6B3BB74055}.Debug|Any CPU.ActiveCfg = Debug|Any CPU
		{719FC1F8-8DF7-40ED-BA2F-3E6B3BB74055}.Debug|Any CPU.Build.0 = Debug|Any CPU
		{719FC1F8-8DF7-40ED-BA2F-3E6B3BB74055}.Release|Any CPU.ActiveCfg = Release|Any CPU
		{719FC1F8-8DF7-40ED-BA2F-3E6B3BB74055}.Release|Any CPU.Build.0 = Release|Any CPU
		{73C1CC6E-BF1A-4847-9836-47FBFF227EC7}.Debug|Any CPU.ActiveCfg = Debug|Any CPU
		{73C1CC6E-BF1A-4847-9836-47FBFF227EC7}.Debug|Any CPU.Build.0 = Debug|Any CPU
		{73C1CC6E-BF1A-4847-9836-47FBFF227EC7}.Release|Any CPU.ActiveCfg = Release|Any CPU
		{73C1CC6E-BF1A-4847-9836-47FBFF227EC7}.Release|Any CPU.Build.0 = Release|Any CPU
		{F11EDE73-E69F-46B2-95E3-6F8D285DE3AF}.Debug|Any CPU.ActiveCfg = Debug|Any CPU
		{F11EDE73-E69F-46B2-95E3-6F8D285DE3AF}.Debug|Any CPU.Build.0 = Debug|Any CPU
		{F11EDE73-E69F-46B2-95E3-6F8D285DE3AF}.Release|Any CPU.ActiveCfg = Release|Any CPU
		{F11EDE73-E69F-46B2-95E3-6F8D285DE3AF}.Release|Any CPU.Build.0 = Release|Any CPU
		{48C268D6-CB97-43C1-9D64-83E347F985FE}.Debug|Any CPU.ActiveCfg = Debug|Any CPU
		{48C268D6-CB97-43C1-9D64-83E347F985FE}.Debug|Any CPU.Build.0 = Debug|Any CPU
		{48C268D6-CB97-43C1-9D64-83E347F985FE}.Release|Any CPU.ActiveCfg = Release|Any CPU
		{48C268D6-CB97-43C1-9D64-83E347F985FE}.Release|Any CPU.Build.0 = Release|Any CPU
		{B2DC3EDA-AE0D-4CC6-958C-429968A09E07}.Debug|Any CPU.ActiveCfg = Debug|Any CPU
		{B2DC3EDA-AE0D-4CC6-958C-429968A09E07}.Debug|Any CPU.Build.0 = Debug|Any CPU
		{B2DC3EDA-AE0D-4CC6-958C-429968A09E07}.Release|Any CPU.ActiveCfg = Release|Any CPU
		{B2DC3EDA-AE0D-4CC6-958C-429968A09E07}.Release|Any CPU.Build.0 = Release|Any CPU
		{3FF0B97C-DBDA-415F-BDC5-9006E9EB6908}.Debug|Any CPU.ActiveCfg = Debug|Any CPU
		{3FF0B97C-DBDA-415F-BDC5-9006E9EB6908}.Debug|Any CPU.Build.0 = Debug|Any CPU
		{3FF0B97C-DBDA-415F-BDC5-9006E9EB6908}.Release|Any CPU.ActiveCfg = Release|Any CPU
		{3FF0B97C-DBDA-415F-BDC5-9006E9EB6908}.Release|Any CPU.Build.0 = Release|Any CPU
		{6BF9FE64-CB7C-4F8F-8970-509FA8C14276}.Debug|Any CPU.ActiveCfg = Debug|Any CPU
		{6BF9FE64-CB7C-4F8F-8970-509FA8C14276}.Debug|Any CPU.Build.0 = Debug|Any CPU
		{6BF9FE64-CB7C-4F8F-8970-509FA8C14276}.Release|Any CPU.ActiveCfg = Release|Any CPU
		{6BF9FE64-CB7C-4F8F-8970-509FA8C14276}.Release|Any CPU.Build.0 = Release|Any CPU
		{BD6D0F26-3DCC-40F3-84E3-F22CBC325F1A}.Debug|Any CPU.ActiveCfg = Debug|Any CPU
		{BD6D0F26-3DCC-40F3-84E3-F22CBC325F1A}.Debug|Any CPU.Build.0 = Debug|Any CPU
		{BD6D0F26-3DCC-40F3-84E3-F22CBC325F1A}.Release|Any CPU.ActiveCfg = Release|Any CPU
		{BD6D0F26-3DCC-40F3-84E3-F22CBC325F1A}.Release|Any CPU.Build.0 = Release|Any CPU
		{25097510-BCB3-4619-A59D-27FB7C082DB3}.Debug|Any CPU.ActiveCfg = Debug|Any CPU
		{25097510-BCB3-4619-A59D-27FB7C082DB3}.Debug|Any CPU.Build.0 = Debug|Any CPU
		{25097510-BCB3-4619-A59D-27FB7C082DB3}.Release|Any CPU.ActiveCfg = Release|Any CPU
		{25097510-BCB3-4619-A59D-27FB7C082DB3}.Release|Any CPU.Build.0 = Release|Any CPU
		{0F588B05-3B46-4C20-81E3-2CFB42F7DB27}.Debug|Any CPU.ActiveCfg = Debug|Any CPU
		{0F588B05-3B46-4C20-81E3-2CFB42F7DB27}.Debug|Any CPU.Build.0 = Debug|Any CPU
		{0F588B05-3B46-4C20-81E3-2CFB42F7DB27}.Release|Any CPU.ActiveCfg = Release|Any CPU
		{0F588B05-3B46-4C20-81E3-2CFB42F7DB27}.Release|Any CPU.Build.0 = Release|Any CPU
		{B7219893-26B6-4024-A1E2-32B940C171EC}.Debug|Any CPU.ActiveCfg = Debug|Any CPU
		{B7219893-26B6-4024-A1E2-32B940C171EC}.Debug|Any CPU.Build.0 = Debug|Any CPU
		{B7219893-26B6-4024-A1E2-32B940C171EC}.Release|Any CPU.ActiveCfg = Release|Any CPU
		{B7219893-26B6-4024-A1E2-32B940C171EC}.Release|Any CPU.Build.0 = Release|Any CPU
		{08859CBA-450F-48A5-A8D8-F90AFBEBA024}.Debug|Any CPU.ActiveCfg = Debug|Any CPU
		{08859CBA-450F-48A5-A8D8-F90AFBEBA024}.Debug|Any CPU.Build.0 = Debug|Any CPU
		{08859CBA-450F-48A5-A8D8-F90AFBEBA024}.Release|Any CPU.ActiveCfg = Release|Any CPU
		{08859CBA-450F-48A5-A8D8-F90AFBEBA024}.Release|Any CPU.Build.0 = Release|Any CPU
		{A715DC72-38F2-4C8D-91B5-1C86A850EE14}.Debug|Any CPU.ActiveCfg = Debug|Any CPU
		{A715DC72-38F2-4C8D-91B5-1C86A850EE14}.Debug|Any CPU.Build.0 = Debug|Any CPU
		{A715DC72-38F2-4C8D-91B5-1C86A850EE14}.Release|Any CPU.ActiveCfg = Release|Any CPU
		{A715DC72-38F2-4C8D-91B5-1C86A850EE14}.Release|Any CPU.Build.0 = Release|Any CPU
		{7A17D265-F561-4850-AD7C-7E9816F5539F}.Debug|Any CPU.ActiveCfg = Debug|Any CPU
		{7A17D265-F561-4850-AD7C-7E9816F5539F}.Debug|Any CPU.Build.0 = Debug|Any CPU
		{7A17D265-F561-4850-AD7C-7E9816F5539F}.Release|Any CPU.ActiveCfg = Release|Any CPU
		{7A17D265-F561-4850-AD7C-7E9816F5539F}.Release|Any CPU.Build.0 = Release|Any CPU
	EndGlobalSection
	GlobalSection(SolutionProperties) = preSolution
		HideSolutionNode = FALSE
	EndGlobalSection
EndGlobal
