
Microsoft Visual Studio Solution File, Format Version 12.00
# Visual Studio 2013
VisualStudioVersion = 12.0.31101.0
MinimumVisualStudioVersion = 10.0.40219.1
Project("{FAE04EC0-301F-11D3-BF4B-00C04F79EFBC}") = "02.CompareSimpleMaths", "02.CompareSimpleMaths\02.CompareSimpleMaths.csproj", "{D26FC75E-34EF-4F95-AAB9-610DC73707A3}"
EndProject
Project("{FAE04EC0-301F-11D3-BF4B-00C04F79EFBC}") = "03.CompareAdvancedMaths", "03.CompareAdvancedMaths\03.CompareAdvancedMaths.csproj", "{68F4F69B-7EA7-4287-BA39-597365140FC4}"
EndProject
Project("{FAE04EC0-301F-11D3-BF4B-00C04F79EFBC}") = "04.CompareSortAlgorithms", "04.CompareSortAlgorithms\04.CompareSortAlgorithms.csproj", "{B124B60A-34DB-4973-B3FB-2AB89A3864CD}"
EndProject
Global
	GlobalSection(SolutionConfigurationPlatforms) = preSolution
		Debug|Any CPU = Debug|Any CPU
		Release|Any CPU = Release|Any CPU
	EndGlobalSection
	GlobalSection(ProjectConfigurationPlatforms) = postSolution
		{D26FC75E-34EF-4F95-AAB9-610DC73707A3}.Debug|Any CPU.ActiveCfg = Debug|Any CPU
		{D26FC75E-34EF-4F95-AAB9-610DC73707A3}.Debug|Any CPU.Build.0 = Debug|Any CPU
		{D26FC75E-34EF-4F95-AAB9-610DC73707A3}.Release|Any CPU.ActiveCfg = Release|Any CPU
		{D26FC75E-34EF-4F95-AAB9-610DC73707A3}.Release|Any CPU.Build.0 = Release|Any CPU
		{68F4F69B-7EA7-4287-BA39-597365140FC4}.Debug|Any CPU.ActiveCfg = Debug|Any CPU
		{68F4F69B-7EA7-4287-BA39-597365140FC4}.Debug|Any CPU.Build.0 = Debug|Any CPU
		{68F4F69B-7EA7-4287-BA39-597365140FC4}.Release|Any CPU.ActiveCfg = Release|Any CPU
		{68F4F69B-7EA7-4287-BA39-597365140FC4}.Release|Any CPU.Build.0 = Release|Any CPU
		{B124B60A-34DB-4973-B3FB-2AB89A3864CD}.Debug|Any CPU.ActiveCfg = Debug|Any CPU
		{B124B60A-34DB-4973-B3FB-2AB89A3864CD}.Debug|Any CPU.Build.0 = Debug|Any CPU
		{B124B60A-34DB-4973-B3FB-2AB89A3864CD}.Release|Any CPU.ActiveCfg = Release|Any CPU
		{B124B60A-34DB-4973-B3FB-2AB89A3864CD}.Release|Any CPU.Build.0 = Release|Any CPU
	EndGlobalSection
	GlobalSection(SolutionProperties) = preSolution
		HideSolutionNode = FALSE
	EndGlobalSection
EndGlobal
