
Microsoft Visual Studio Solution File, Format Version 12.00
# Visual Studio 2013
VisualStudioVersion = 12.0.21005.1
MinimumVisualStudioVersion = 10.0.40219.1
Project("{FAE04EC0-301F-11D3-BF4B-00C04F79EFBC}") = "01.AllocateArray", "01.AllocateArray\01.AllocateArray.csproj", "{D467C441-AAD7-4DB0-AE52-0A31FFE6A7F7}"
EndProject
Project("{FAE04EC0-301F-11D3-BF4B-00C04F79EFBC}") = "02.CompareArrays", "02.CompareArrays\02.CompareArrays.csproj", "{428E6AA5-33E6-4F0B-9D96-9A19861619AA}"
EndProject
Project("{FAE04EC0-301F-11D3-BF4B-00C04F79EFBC}") = "03.CompareCharArrays", "03.CompareCharArrays\03.CompareCharArrays.csproj", "{167971EC-3C67-472B-A796-6BE2841DA106}"
EndProject
Project("{FAE04EC0-301F-11D3-BF4B-00C04F79EFBC}") = "04.MaximalSequence", "04.MaximalSequence\04.MaximalSequence.csproj", "{149EF5DC-CA14-4961-8D57-4EE9CE8E0891}"
EndProject
Project("{FAE04EC0-301F-11D3-BF4B-00C04F79EFBC}") = "05.MaximalIncreasingSequence", "05.MaximalIncreasingSequence\05.MaximalIncreasingSequence.csproj", "{E597CCB7-A34E-409B-AA3C-F9B529488207}"
EndProject
Project("{FAE04EC0-301F-11D3-BF4B-00C04F79EFBC}") = "06MaximalKSum", "06MaximalKSum\06MaximalKSum.csproj", "{769B4670-8773-4F11-9247-E356F7469427}"
EndProject
Project("{FAE04EC0-301F-11D3-BF4B-00C04F79EFBC}") = "07.SelectionSort", "07.SelectionSort\07.SelectionSort.csproj", "{3626A256-D304-40A3-A979-959BD365AEB6}"
EndProject
Project("{FAE04EC0-301F-11D3-BF4B-00C04F79EFBC}") = "08.MaximalSum", "08.MaximalSum\08.MaximalSum.csproj", "{87ADC39F-04E2-4AE4-B57B-47B2A4DD0F16}"
EndProject
Project("{FAE04EC0-301F-11D3-BF4B-00C04F79EFBC}") = "09.FrequentNumber", "09.FrequentNumber\09.FrequentNumber.csproj", "{59B27AF1-0FF8-460B-9E3F-87F8DAC7A195}"
EndProject
Project("{FAE04EC0-301F-11D3-BF4B-00C04F79EFBC}") = "10.FindSunInArray", "10.FindSunInArray\10.FindSunInArray.csproj", "{E206AC4F-33DF-4E96-A375-4209809A239F}"
EndProject
Project("{FAE04EC0-301F-11D3-BF4B-00C04F79EFBC}") = "11.BinarySearch", "11.BinarySearch\11.BinarySearch.csproj", "{9EDA3F44-19C9-4D20-8A42-5473C8B71823}"
EndProject
Project("{FAE04EC0-301F-11D3-BF4B-00C04F79EFBC}") = "12.IndexOfLetters", "12.IndexOfLetters\12.IndexOfLetters.csproj", "{1E4B0900-608E-47E6-8E23-A5CD17FF5B4C}"
EndProject
Project("{FAE04EC0-301F-11D3-BF4B-00C04F79EFBC}") = "13.MergeSort", "13.MergeSort\13.MergeSort.csproj", "{10798C9F-C672-4D4C-B172-C1F0BEE46A5D}"
EndProject
Project("{FAE04EC0-301F-11D3-BF4B-00C04F79EFBC}") = "14.QuickSort", "14.QuickSort\14.QuickSort.csproj", "{9B946250-7A8A-49AC-9DB5-50D098EEB455}"
EndProject
Project("{FAE04EC0-301F-11D3-BF4B-00C04F79EFBC}") = "15.PrimeNumbers", "15.PrimeNumbers\15.PrimeNumbers.csproj", "{91ABA77F-0625-4047-A15D-BDE7DDAB1971}"
EndProject
Project("{FAE04EC0-301F-11D3-BF4B-00C04F79EFBC}") = "16.SubsetWithSumS", "16.SubsetWithSumS\16.SubsetWithSumS.csproj", "{059D933A-4C13-4FF7-BE88-0BCCD569141C}"
EndProject
Project("{FAE04EC0-301F-11D3-BF4B-00C04F79EFBC}") = "17.SubsetKwithSumS", "17.SubsetKwithSumS\17.SubsetKwithSumS.csproj", "{6030B133-BDCD-406B-82A2-7D4A1EE1208F}"
EndProject
Project("{FAE04EC0-301F-11D3-BF4B-00C04F79EFBC}") = "18.RemoveElementsFromArray", "18.RemoveElementsFromArray\18.RemoveElementsFromArray.csproj", "{B1608F23-ECCE-49AE-8926-C92A6BC8FA04}"
EndProject
Project("{FAE04EC0-301F-11D3-BF4B-00C04F79EFBC}") = "19.PermutationOfSet", "19.PermutationOfSet\19.PermutationOfSet.csproj", "{6035E558-7DB6-4949-BD55-345F1F1B118A}"
EndProject
Project("{FAE04EC0-301F-11D3-BF4B-00C04F79EFBC}") = "20.VariationsOfSet", "20.VariationsOfSet\20.VariationsOfSet.csproj", "{811850C5-52D7-425E-91B5-A321163F1C4A}"
EndProject
Project("{FAE04EC0-301F-11D3-BF4B-00C04F79EFBC}") = "21.CombinationsOfSet", "21.CombinationsOfSet\21.CombinationsOfSet.csproj", "{541FD662-5148-4CB4-AE11-0176813AFA79}"
EndProject
Global
	GlobalSection(SolutionConfigurationPlatforms) = preSolution
		Debug|Any CPU = Debug|Any CPU
		Release|Any CPU = Release|Any CPU
	EndGlobalSection
	GlobalSection(ProjectConfigurationPlatforms) = postSolution
		{D467C441-AAD7-4DB0-AE52-0A31FFE6A7F7}.Debug|Any CPU.ActiveCfg = Debug|Any CPU
		{D467C441-AAD7-4DB0-AE52-0A31FFE6A7F7}.Debug|Any CPU.Build.0 = Debug|Any CPU
		{D467C441-AAD7-4DB0-AE52-0A31FFE6A7F7}.Release|Any CPU.ActiveCfg = Release|Any CPU
		{D467C441-AAD7-4DB0-AE52-0A31FFE6A7F7}.Release|Any CPU.Build.0 = Release|Any CPU
		{428E6AA5-33E6-4F0B-9D96-9A19861619AA}.Debug|Any CPU.ActiveCfg = Debug|Any CPU
		{428E6AA5-33E6-4F0B-9D96-9A19861619AA}.Debug|Any CPU.Build.0 = Debug|Any CPU
		{428E6AA5-33E6-4F0B-9D96-9A19861619AA}.Release|Any CPU.ActiveCfg = Release|Any CPU
		{428E6AA5-33E6-4F0B-9D96-9A19861619AA}.Release|Any CPU.Build.0 = Release|Any CPU
		{167971EC-3C67-472B-A796-6BE2841DA106}.Debug|Any CPU.ActiveCfg = Debug|Any CPU
		{167971EC-3C67-472B-A796-6BE2841DA106}.Debug|Any CPU.Build.0 = Debug|Any CPU
		{167971EC-3C67-472B-A796-6BE2841DA106}.Release|Any CPU.ActiveCfg = Release|Any CPU
		{167971EC-3C67-472B-A796-6BE2841DA106}.Release|Any CPU.Build.0 = Release|Any CPU
		{149EF5DC-CA14-4961-8D57-4EE9CE8E0891}.Debug|Any CPU.ActiveCfg = Debug|Any CPU
		{149EF5DC-CA14-4961-8D57-4EE9CE8E0891}.Debug|Any CPU.Build.0 = Debug|Any CPU
		{149EF5DC-CA14-4961-8D57-4EE9CE8E0891}.Release|Any CPU.ActiveCfg = Release|Any CPU
		{149EF5DC-CA14-4961-8D57-4EE9CE8E0891}.Release|Any CPU.Build.0 = Release|Any CPU
		{E597CCB7-A34E-409B-AA3C-F9B529488207}.Debug|Any CPU.ActiveCfg = Debug|Any CPU
		{E597CCB7-A34E-409B-AA3C-F9B529488207}.Debug|Any CPU.Build.0 = Debug|Any CPU
		{E597CCB7-A34E-409B-AA3C-F9B529488207}.Release|Any CPU.ActiveCfg = Release|Any CPU
		{E597CCB7-A34E-409B-AA3C-F9B529488207}.Release|Any CPU.Build.0 = Release|Any CPU
		{769B4670-8773-4F11-9247-E356F7469427}.Debug|Any CPU.ActiveCfg = Debug|Any CPU
		{769B4670-8773-4F11-9247-E356F7469427}.Debug|Any CPU.Build.0 = Debug|Any CPU
		{769B4670-8773-4F11-9247-E356F7469427}.Release|Any CPU.ActiveCfg = Release|Any CPU
		{769B4670-8773-4F11-9247-E356F7469427}.Release|Any CPU.Build.0 = Release|Any CPU
		{3626A256-D304-40A3-A979-959BD365AEB6}.Debug|Any CPU.ActiveCfg = Debug|Any CPU
		{3626A256-D304-40A3-A979-959BD365AEB6}.Debug|Any CPU.Build.0 = Debug|Any CPU
		{3626A256-D304-40A3-A979-959BD365AEB6}.Release|Any CPU.ActiveCfg = Release|Any CPU
		{3626A256-D304-40A3-A979-959BD365AEB6}.Release|Any CPU.Build.0 = Release|Any CPU
		{87ADC39F-04E2-4AE4-B57B-47B2A4DD0F16}.Debug|Any CPU.ActiveCfg = Debug|Any CPU
		{87ADC39F-04E2-4AE4-B57B-47B2A4DD0F16}.Debug|Any CPU.Build.0 = Debug|Any CPU
		{87ADC39F-04E2-4AE4-B57B-47B2A4DD0F16}.Release|Any CPU.ActiveCfg = Release|Any CPU
		{87ADC39F-04E2-4AE4-B57B-47B2A4DD0F16}.Release|Any CPU.Build.0 = Release|Any CPU
		{59B27AF1-0FF8-460B-9E3F-87F8DAC7A195}.Debug|Any CPU.ActiveCfg = Debug|Any CPU
		{59B27AF1-0FF8-460B-9E3F-87F8DAC7A195}.Debug|Any CPU.Build.0 = Debug|Any CPU
		{59B27AF1-0FF8-460B-9E3F-87F8DAC7A195}.Release|Any CPU.ActiveCfg = Release|Any CPU
		{59B27AF1-0FF8-460B-9E3F-87F8DAC7A195}.Release|Any CPU.Build.0 = Release|Any CPU
		{E206AC4F-33DF-4E96-A375-4209809A239F}.Debug|Any CPU.ActiveCfg = Debug|Any CPU
		{E206AC4F-33DF-4E96-A375-4209809A239F}.Debug|Any CPU.Build.0 = Debug|Any CPU
		{E206AC4F-33DF-4E96-A375-4209809A239F}.Release|Any CPU.ActiveCfg = Release|Any CPU
		{E206AC4F-33DF-4E96-A375-4209809A239F}.Release|Any CPU.Build.0 = Release|Any CPU
		{9EDA3F44-19C9-4D20-8A42-5473C8B71823}.Debug|Any CPU.ActiveCfg = Debug|Any CPU
		{9EDA3F44-19C9-4D20-8A42-5473C8B71823}.Debug|Any CPU.Build.0 = Debug|Any CPU
		{9EDA3F44-19C9-4D20-8A42-5473C8B71823}.Release|Any CPU.ActiveCfg = Release|Any CPU
		{9EDA3F44-19C9-4D20-8A42-5473C8B71823}.Release|Any CPU.Build.0 = Release|Any CPU
		{1E4B0900-608E-47E6-8E23-A5CD17FF5B4C}.Debug|Any CPU.ActiveCfg = Debug|Any CPU
		{1E4B0900-608E-47E6-8E23-A5CD17FF5B4C}.Debug|Any CPU.Build.0 = Debug|Any CPU
		{1E4B0900-608E-47E6-8E23-A5CD17FF5B4C}.Release|Any CPU.ActiveCfg = Release|Any CPU
		{1E4B0900-608E-47E6-8E23-A5CD17FF5B4C}.Release|Any CPU.Build.0 = Release|Any CPU
		{10798C9F-C672-4D4C-B172-C1F0BEE46A5D}.Debug|Any CPU.ActiveCfg = Debug|Any CPU
		{10798C9F-C672-4D4C-B172-C1F0BEE46A5D}.Debug|Any CPU.Build.0 = Debug|Any CPU
		{10798C9F-C672-4D4C-B172-C1F0BEE46A5D}.Release|Any CPU.ActiveCfg = Release|Any CPU
		{10798C9F-C672-4D4C-B172-C1F0BEE46A5D}.Release|Any CPU.Build.0 = Release|Any CPU
		{9B946250-7A8A-49AC-9DB5-50D098EEB455}.Debug|Any CPU.ActiveCfg = Debug|Any CPU
		{9B946250-7A8A-49AC-9DB5-50D098EEB455}.Debug|Any CPU.Build.0 = Debug|Any CPU
		{9B946250-7A8A-49AC-9DB5-50D098EEB455}.Release|Any CPU.ActiveCfg = Release|Any CPU
		{9B946250-7A8A-49AC-9DB5-50D098EEB455}.Release|Any CPU.Build.0 = Release|Any CPU
		{91ABA77F-0625-4047-A15D-BDE7DDAB1971}.Debug|Any CPU.ActiveCfg = Debug|Any CPU
		{91ABA77F-0625-4047-A15D-BDE7DDAB1971}.Debug|Any CPU.Build.0 = Debug|Any CPU
		{91ABA77F-0625-4047-A15D-BDE7DDAB1971}.Release|Any CPU.ActiveCfg = Release|Any CPU
		{91ABA77F-0625-4047-A15D-BDE7DDAB1971}.Release|Any CPU.Build.0 = Release|Any CPU
		{059D933A-4C13-4FF7-BE88-0BCCD569141C}.Debug|Any CPU.ActiveCfg = Debug|Any CPU
		{059D933A-4C13-4FF7-BE88-0BCCD569141C}.Debug|Any CPU.Build.0 = Debug|Any CPU
		{059D933A-4C13-4FF7-BE88-0BCCD569141C}.Release|Any CPU.ActiveCfg = Release|Any CPU
		{059D933A-4C13-4FF7-BE88-0BCCD569141C}.Release|Any CPU.Build.0 = Release|Any CPU
		{6030B133-BDCD-406B-82A2-7D4A1EE1208F}.Debug|Any CPU.ActiveCfg = Debug|Any CPU
		{6030B133-BDCD-406B-82A2-7D4A1EE1208F}.Debug|Any CPU.Build.0 = Debug|Any CPU
		{6030B133-BDCD-406B-82A2-7D4A1EE1208F}.Release|Any CPU.ActiveCfg = Release|Any CPU
		{6030B133-BDCD-406B-82A2-7D4A1EE1208F}.Release|Any CPU.Build.0 = Release|Any CPU
		{B1608F23-ECCE-49AE-8926-C92A6BC8FA04}.Debug|Any CPU.ActiveCfg = Debug|Any CPU
		{B1608F23-ECCE-49AE-8926-C92A6BC8FA04}.Debug|Any CPU.Build.0 = Debug|Any CPU
		{B1608F23-ECCE-49AE-8926-C92A6BC8FA04}.Release|Any CPU.ActiveCfg = Release|Any CPU
		{B1608F23-ECCE-49AE-8926-C92A6BC8FA04}.Release|Any CPU.Build.0 = Release|Any CPU
		{6035E558-7DB6-4949-BD55-345F1F1B118A}.Debug|Any CPU.ActiveCfg = Debug|Any CPU
		{6035E558-7DB6-4949-BD55-345F1F1B118A}.Debug|Any CPU.Build.0 = Debug|Any CPU
		{6035E558-7DB6-4949-BD55-345F1F1B118A}.Release|Any CPU.ActiveCfg = Release|Any CPU
		{6035E558-7DB6-4949-BD55-345F1F1B118A}.Release|Any CPU.Build.0 = Release|Any CPU
		{811850C5-52D7-425E-91B5-A321163F1C4A}.Debug|Any CPU.ActiveCfg = Debug|Any CPU
		{811850C5-52D7-425E-91B5-A321163F1C4A}.Debug|Any CPU.Build.0 = Debug|Any CPU
		{811850C5-52D7-425E-91B5-A321163F1C4A}.Release|Any CPU.ActiveCfg = Release|Any CPU
		{811850C5-52D7-425E-91B5-A321163F1C4A}.Release|Any CPU.Build.0 = Release|Any CPU
		{541FD662-5148-4CB4-AE11-0176813AFA79}.Debug|Any CPU.ActiveCfg = Debug|Any CPU
		{541FD662-5148-4CB4-AE11-0176813AFA79}.Debug|Any CPU.Build.0 = Debug|Any CPU
		{541FD662-5148-4CB4-AE11-0176813AFA79}.Release|Any CPU.ActiveCfg = Release|Any CPU
		{541FD662-5148-4CB4-AE11-0176813AFA79}.Release|Any CPU.Build.0 = Release|Any CPU
	EndGlobalSection
	GlobalSection(SolutionProperties) = preSolution
		HideSolutionNode = FALSE
	EndGlobalSection
EndGlobal
