
Microsoft Visual Studio Solution File, Format Version 12.00
# Visual Studio 2013
VisualStudioVersion = 12.0.21005.1
MinimumVisualStudioVersion = 10.0.40219.1
Project("{FAE04EC0-301F-11D3-BF4B-00C04F79EFBC}") = "Problem_1-DeclareVariables", "Problem_1-DeclareVariables\Problem_1-DeclareVariables.csproj", "{FF421F48-C1BC-4910-8F31-A9C45E179591}"
EndProject
Project("{FAE04EC0-301F-11D3-BF4B-00C04F79EFBC}") = "Problem_2-FloatOrDouble", "Problem_2-FloatOrDouble\Problem_2-FloatOrDouble.csproj", "{B761348F-5DBF-4BAC-890C-F4EF80729016}"
EndProject
Project("{FAE04EC0-301F-11D3-BF4B-00C04F79EFBC}") = "Problem_3-VariableInHexadecimalFormat", "Problem_3-VariableInHexadecimalFormat\Problem_3-VariableInHexadecimalFormat.csproj", "{BAE57E5D-1D3E-4459-80EC-FEF23D2C0618}"
EndProject
Project("{FAE04EC0-301F-11D3-BF4B-00C04F79EFBC}") = "Problem_4-UnicodeCharacter", "Problem_4-UnicodeCharacter\Problem_4-UnicodeCharacter.csproj", "{F878E106-405A-4839-9400-477669265AB2}"
EndProject
Project("{FAE04EC0-301F-11D3-BF4B-00C04F79EFBC}") = "Problem_5-BooleanVariable", "Problem_5-BooleanVariable\Problem_5-BooleanVariable.csproj", "{1404F062-A4ED-48B8-8154-807FBA95AE35}"
EndProject
Project("{FAE04EC0-301F-11D3-BF4B-00C04F79EFBC}") = "Problem_6-StringsAndObjects", "Problem_6-StringAndObjects\Problem_6-StringsAndObjects.csproj", "{11732F23-ED7A-41B4-9D95-724C048E751C}"
EndProject
Project("{FAE04EC0-301F-11D3-BF4B-00C04F79EFBC}") = "Problem_7-QuotesInStrings", "Problem_7-QuotesInStrings\Problem_7-QuotesInStrings.csproj", "{4DBE9F7E-0018-401E-8C76-2C4B7D04437B}"
EndProject
Project("{FAE04EC0-301F-11D3-BF4B-00C04F79EFBC}") = "Problem_8-IsoscelesTriangle", "Problem_8-IsoscelesTriangle\Problem_8-IsoscelesTriangle.csproj", "{39266E8D-8031-4057-8455-E6A6AEFACF5C}"
EndProject
Project("{FAE04EC0-301F-11D3-BF4B-00C04F79EFBC}") = "Problem_9-ExchangeVariableValues", "Problem_9-ExchangeVariableValues\Problem_9-ExchangeVariableValues.csproj", "{78BEBB52-9D66-4C15-8DA1-3898657202A3}"
EndProject
Project("{FAE04EC0-301F-11D3-BF4B-00C04F79EFBC}") = "Problem_10-EmployeeData", "Problem_10-EmployeeData\Problem_10-EmployeeData.csproj", "{AB19261E-BEF9-418F-AB2E-9D0CC53FD6FD}"
EndProject
Project("{FAE04EC0-301F-11D3-BF4B-00C04F79EFBC}") = "Problem_11-BankAccountData", "Problem_11-BankAccountData\Problem_11-BankAccountData.csproj", "{CEC9AA4B-0042-4A8E-B672-A2C4B1B2F4E9}"
EndProject
Project("{FAE04EC0-301F-11D3-BF4B-00C04F79EFBC}") = "Problem_12-NullValuesArithmetic", "Problem_12-NullValuesArithmetic\Problem_12-NullValuesArithmetic.csproj", "{04AE5723-9758-478E-B74F-B0CD2CE0AAF5}"
EndProject
Project("{FAE04EC0-301F-11D3-BF4B-00C04F79EFBC}") = "Problem_13-ComparingFloats", "Problem_13-ComparingFloats\Problem_13-ComparingFloats.csproj", "{2245F445-9A9F-4964-B8D6-BBF7D15CA9F0}"
EndProject
Project("{FAE04EC0-301F-11D3-BF4B-00C04F79EFBC}") = "Problem_14-PrintASCIITable", "Problem_14-PrintASCIITable\Problem_14-PrintASCIITable.csproj", "{A7067906-F7E8-42A2-8947-6E6D07E853CD}"
EndProject
Global
	GlobalSection(SolutionConfigurationPlatforms) = preSolution
		Debug|Any CPU = Debug|Any CPU
		Release|Any CPU = Release|Any CPU
	EndGlobalSection
	GlobalSection(ProjectConfigurationPlatforms) = postSolution
		{FF421F48-C1BC-4910-8F31-A9C45E179591}.Debug|Any CPU.ActiveCfg = Debug|Any CPU
		{FF421F48-C1BC-4910-8F31-A9C45E179591}.Debug|Any CPU.Build.0 = Debug|Any CPU
		{FF421F48-C1BC-4910-8F31-A9C45E179591}.Release|Any CPU.ActiveCfg = Release|Any CPU
		{FF421F48-C1BC-4910-8F31-A9C45E179591}.Release|Any CPU.Build.0 = Release|Any CPU
		{B761348F-5DBF-4BAC-890C-F4EF80729016}.Debug|Any CPU.ActiveCfg = Debug|Any CPU
		{B761348F-5DBF-4BAC-890C-F4EF80729016}.Debug|Any CPU.Build.0 = Debug|Any CPU
		{B761348F-5DBF-4BAC-890C-F4EF80729016}.Release|Any CPU.ActiveCfg = Release|Any CPU
		{B761348F-5DBF-4BAC-890C-F4EF80729016}.Release|Any CPU.Build.0 = Release|Any CPU
		{BAE57E5D-1D3E-4459-80EC-FEF23D2C0618}.Debug|Any CPU.ActiveCfg = Debug|Any CPU
		{BAE57E5D-1D3E-4459-80EC-FEF23D2C0618}.Debug|Any CPU.Build.0 = Debug|Any CPU
		{BAE57E5D-1D3E-4459-80EC-FEF23D2C0618}.Release|Any CPU.ActiveCfg = Release|Any CPU
		{BAE57E5D-1D3E-4459-80EC-FEF23D2C0618}.Release|Any CPU.Build.0 = Release|Any CPU
		{F878E106-405A-4839-9400-477669265AB2}.Debug|Any CPU.ActiveCfg = Debug|Any CPU
		{F878E106-405A-4839-9400-477669265AB2}.Debug|Any CPU.Build.0 = Debug|Any CPU
		{F878E106-405A-4839-9400-477669265AB2}.Release|Any CPU.ActiveCfg = Release|Any CPU
		{F878E106-405A-4839-9400-477669265AB2}.Release|Any CPU.Build.0 = Release|Any CPU
		{1404F062-A4ED-48B8-8154-807FBA95AE35}.Debug|Any CPU.ActiveCfg = Debug|Any CPU
		{1404F062-A4ED-48B8-8154-807FBA95AE35}.Debug|Any CPU.Build.0 = Debug|Any CPU
		{1404F062-A4ED-48B8-8154-807FBA95AE35}.Release|Any CPU.ActiveCfg = Release|Any CPU
		{1404F062-A4ED-48B8-8154-807FBA95AE35}.Release|Any CPU.Build.0 = Release|Any CPU
		{11732F23-ED7A-41B4-9D95-724C048E751C}.Debug|Any CPU.ActiveCfg = Debug|Any CPU
		{11732F23-ED7A-41B4-9D95-724C048E751C}.Debug|Any CPU.Build.0 = Debug|Any CPU
		{11732F23-ED7A-41B4-9D95-724C048E751C}.Release|Any CPU.ActiveCfg = Release|Any CPU
		{11732F23-ED7A-41B4-9D95-724C048E751C}.Release|Any CPU.Build.0 = Release|Any CPU
		{4DBE9F7E-0018-401E-8C76-2C4B7D04437B}.Debug|Any CPU.ActiveCfg = Debug|Any CPU
		{4DBE9F7E-0018-401E-8C76-2C4B7D04437B}.Debug|Any CPU.Build.0 = Debug|Any CPU
		{4DBE9F7E-0018-401E-8C76-2C4B7D04437B}.Release|Any CPU.ActiveCfg = Release|Any CPU
		{4DBE9F7E-0018-401E-8C76-2C4B7D04437B}.Release|Any CPU.Build.0 = Release|Any CPU
		{39266E8D-8031-4057-8455-E6A6AEFACF5C}.Debug|Any CPU.ActiveCfg = Debug|Any CPU
		{39266E8D-8031-4057-8455-E6A6AEFACF5C}.Debug|Any CPU.Build.0 = Debug|Any CPU
		{39266E8D-8031-4057-8455-E6A6AEFACF5C}.Release|Any CPU.ActiveCfg = Release|Any CPU
		{39266E8D-8031-4057-8455-E6A6AEFACF5C}.Release|Any CPU.Build.0 = Release|Any CPU
		{78BEBB52-9D66-4C15-8DA1-3898657202A3}.Debug|Any CPU.ActiveCfg = Debug|Any CPU
		{78BEBB52-9D66-4C15-8DA1-3898657202A3}.Debug|Any CPU.Build.0 = Debug|Any CPU
		{78BEBB52-9D66-4C15-8DA1-3898657202A3}.Release|Any CPU.ActiveCfg = Release|Any CPU
		{78BEBB52-9D66-4C15-8DA1-3898657202A3}.Release|Any CPU.Build.0 = Release|Any CPU
		{AB19261E-BEF9-418F-AB2E-9D0CC53FD6FD}.Debug|Any CPU.ActiveCfg = Debug|Any CPU
		{AB19261E-BEF9-418F-AB2E-9D0CC53FD6FD}.Debug|Any CPU.Build.0 = Debug|Any CPU
		{AB19261E-BEF9-418F-AB2E-9D0CC53FD6FD}.Release|Any CPU.ActiveCfg = Release|Any CPU
		{AB19261E-BEF9-418F-AB2E-9D0CC53FD6FD}.Release|Any CPU.Build.0 = Release|Any CPU
		{CEC9AA4B-0042-4A8E-B672-A2C4B1B2F4E9}.Debug|Any CPU.ActiveCfg = Debug|Any CPU
		{CEC9AA4B-0042-4A8E-B672-A2C4B1B2F4E9}.Debug|Any CPU.Build.0 = Debug|Any CPU
		{CEC9AA4B-0042-4A8E-B672-A2C4B1B2F4E9}.Release|Any CPU.ActiveCfg = Release|Any CPU
		{CEC9AA4B-0042-4A8E-B672-A2C4B1B2F4E9}.Release|Any CPU.Build.0 = Release|Any CPU
		{04AE5723-9758-478E-B74F-B0CD2CE0AAF5}.Debug|Any CPU.ActiveCfg = Debug|Any CPU
		{04AE5723-9758-478E-B74F-B0CD2CE0AAF5}.Debug|Any CPU.Build.0 = Debug|Any CPU
		{04AE5723-9758-478E-B74F-B0CD2CE0AAF5}.Release|Any CPU.ActiveCfg = Release|Any CPU
		{04AE5723-9758-478E-B74F-B0CD2CE0AAF5}.Release|Any CPU.Build.0 = Release|Any CPU
		{2245F445-9A9F-4964-B8D6-BBF7D15CA9F0}.Debug|Any CPU.ActiveCfg = Debug|Any CPU
		{2245F445-9A9F-4964-B8D6-BBF7D15CA9F0}.Debug|Any CPU.Build.0 = Debug|Any CPU
		{2245F445-9A9F-4964-B8D6-BBF7D15CA9F0}.Release|Any CPU.ActiveCfg = Release|Any CPU
		{2245F445-9A9F-4964-B8D6-BBF7D15CA9F0}.Release|Any CPU.Build.0 = Release|Any CPU
		{A7067906-F7E8-42A2-8947-6E6D07E853CD}.Debug|Any CPU.ActiveCfg = Debug|Any CPU
		{A7067906-F7E8-42A2-8947-6E6D07E853CD}.Debug|Any CPU.Build.0 = Debug|Any CPU
		{A7067906-F7E8-42A2-8947-6E6D07E853CD}.Release|Any CPU.ActiveCfg = Release|Any CPU
		{A7067906-F7E8-42A2-8947-6E6D07E853CD}.Release|Any CPU.Build.0 = Release|Any CPU
	EndGlobalSection
	GlobalSection(SolutionProperties) = preSolution
		HideSolutionNode = FALSE
	EndGlobalSection
EndGlobal
