
Microsoft Visual Studio Solution File, Format Version 12.00
# Visual Studio 2013
VisualStudioVersion = 12.0.21005.1
MinimumVisualStudioVersion = 10.0.40219.1
Project("{FAE04EC0-301F-11D3-BF4B-00C04F79EFBC}") = "01.SayHello", "01.SayHello\01.SayHello.csproj", "{B6D415F1-5843-47FD-A95D-A5BA1CDDA915}"
EndProject
Project("{FAE04EC0-301F-11D3-BF4B-00C04F79EFBC}") = "02.GetLargerNumber", "02.GetLargerNumber\02.GetLargerNumber.csproj", "{D777493A-DED3-4786-AAE9-C4DEE7BB4ED6}"
EndProject
Project("{FAE04EC0-301F-11D3-BF4B-00C04F79EFBC}") = "03.EnglishDigit", "03.EnglishDigit\03.EnglishDigit.csproj", "{BB93FDDF-C6C7-44F0-83B2-AEE9AEB79EC9}"
EndProject
Project("{FAE04EC0-301F-11D3-BF4B-00C04F79EFBC}") = "04.AppearanceCount", "04.AppearanceCount\04.AppearanceCount.csproj", "{D9C476B2-7D26-4A69-9A63-3A3B2371A908}"
EndProject
Project("{FAE04EC0-301F-11D3-BF4B-00C04F79EFBC}") = "05.LargerThanNeighbours", "05.LargerThanNeighbours\05.LargerThanNeighbours.csproj", "{A957F74D-6E9A-4E8A-A01E-B34C1364804C}"
EndProject
Project("{FAE04EC0-301F-11D3-BF4B-00C04F79EFBC}") = "06.FirstLargerThanNeighbours", "06.FirstLargerThanNeighbours\06.FirstLargerThanNeighbours.csproj", "{0D3FE78C-D5C3-40CE-8BAE-C3D05AAC5F8A}"
EndProject
Project("{FAE04EC0-301F-11D3-BF4B-00C04F79EFBC}") = "07.ReverseNumber", "07.ReverseNumber\07.ReverseNumber.csproj", "{D774DF98-D0CD-4FFD-9193-39A51D8F4D19}"
EndProject
Project("{FAE04EC0-301F-11D3-BF4B-00C04F79EFBC}") = "08.NumbersAsArray", "08.NumbersAsArray\08.NumbersAsArray.csproj", "{54DFDC9C-50A4-49A1-B0CE-343E040EF97B}"
EndProject
Project("{FAE04EC0-301F-11D3-BF4B-00C04F79EFBC}") = "09.SortingArray", "09.SortingArray\09.SortingArray.csproj", "{6552C1B8-0AFA-45FE-8A04-055A41CDCD41}"
EndProject
Project("{FAE04EC0-301F-11D3-BF4B-00C04F79EFBC}") = "10.NFactorial", "10.NFactorial\10.NFactorial.csproj", "{80885760-2ABA-4A82-A743-2CE4A7E8D3F0}"
EndProject
Project("{FAE04EC0-301F-11D3-BF4B-00C04F79EFBC}") = "11.AddingPolynominals", "11.AddingPolynominals\11.AddingPolynominals.csproj", "{CF958EB8-A928-441F-BACA-C66C7826D517}"
EndProject
Project("{FAE04EC0-301F-11D3-BF4B-00C04F79EFBC}") = "12.SubtractingPolynominals", "12.SubtractingPolynominals\12.SubtractingPolynominals.csproj", "{2EAE4FBB-B30C-41FF-A606-1C7DA65207DA}"
EndProject
Project("{FAE04EC0-301F-11D3-BF4B-00C04F79EFBC}") = "13.SolveTasks", "13.SolveTasks\13.SolveTasks.csproj", "{D0817575-EC98-4F4C-9839-9E7BC5D8C117}"
EndProject
Project("{FAE04EC0-301F-11D3-BF4B-00C04F79EFBC}") = "14.IntegerCalculations", "14.IntegerCalculations\14.IntegerCalculations.csproj", "{3D7724F2-9199-4386-9F91-90620C73260A}"
EndProject
Project("{FAE04EC0-301F-11D3-BF4B-00C04F79EFBC}") = "15.NumberCalculations", "15.NumberCalculations\15.NumberCalculations.csproj", "{8AA4685A-EE2E-4BA3-8AA0-A364F45ACAEC}"
EndProject
Global
	GlobalSection(SolutionConfigurationPlatforms) = preSolution
		Debug|Any CPU = Debug|Any CPU
		Release|Any CPU = Release|Any CPU
	EndGlobalSection
	GlobalSection(ProjectConfigurationPlatforms) = postSolution
		{B6D415F1-5843-47FD-A95D-A5BA1CDDA915}.Debug|Any CPU.ActiveCfg = Debug|Any CPU
		{B6D415F1-5843-47FD-A95D-A5BA1CDDA915}.Debug|Any CPU.Build.0 = Debug|Any CPU
		{B6D415F1-5843-47FD-A95D-A5BA1CDDA915}.Release|Any CPU.ActiveCfg = Release|Any CPU
		{B6D415F1-5843-47FD-A95D-A5BA1CDDA915}.Release|Any CPU.Build.0 = Release|Any CPU
		{D777493A-DED3-4786-AAE9-C4DEE7BB4ED6}.Debug|Any CPU.ActiveCfg = Debug|Any CPU
		{D777493A-DED3-4786-AAE9-C4DEE7BB4ED6}.Debug|Any CPU.Build.0 = Debug|Any CPU
		{D777493A-DED3-4786-AAE9-C4DEE7BB4ED6}.Release|Any CPU.ActiveCfg = Release|Any CPU
		{D777493A-DED3-4786-AAE9-C4DEE7BB4ED6}.Release|Any CPU.Build.0 = Release|Any CPU
		{BB93FDDF-C6C7-44F0-83B2-AEE9AEB79EC9}.Debug|Any CPU.ActiveCfg = Debug|Any CPU
		{BB93FDDF-C6C7-44F0-83B2-AEE9AEB79EC9}.Debug|Any CPU.Build.0 = Debug|Any CPU
		{BB93FDDF-C6C7-44F0-83B2-AEE9AEB79EC9}.Release|Any CPU.ActiveCfg = Release|Any CPU
		{BB93FDDF-C6C7-44F0-83B2-AEE9AEB79EC9}.Release|Any CPU.Build.0 = Release|Any CPU
		{D9C476B2-7D26-4A69-9A63-3A3B2371A908}.Debug|Any CPU.ActiveCfg = Debug|Any CPU
		{D9C476B2-7D26-4A69-9A63-3A3B2371A908}.Debug|Any CPU.Build.0 = Debug|Any CPU
		{D9C476B2-7D26-4A69-9A63-3A3B2371A908}.Release|Any CPU.ActiveCfg = Release|Any CPU
		{D9C476B2-7D26-4A69-9A63-3A3B2371A908}.Release|Any CPU.Build.0 = Release|Any CPU
		{A957F74D-6E9A-4E8A-A01E-B34C1364804C}.Debug|Any CPU.ActiveCfg = Debug|Any CPU
		{A957F74D-6E9A-4E8A-A01E-B34C1364804C}.Debug|Any CPU.Build.0 = Debug|Any CPU
		{A957F74D-6E9A-4E8A-A01E-B34C1364804C}.Release|Any CPU.ActiveCfg = Release|Any CPU
		{A957F74D-6E9A-4E8A-A01E-B34C1364804C}.Release|Any CPU.Build.0 = Release|Any CPU
		{0D3FE78C-D5C3-40CE-8BAE-C3D05AAC5F8A}.Debug|Any CPU.ActiveCfg = Debug|Any CPU
		{0D3FE78C-D5C3-40CE-8BAE-C3D05AAC5F8A}.Debug|Any CPU.Build.0 = Debug|Any CPU
		{0D3FE78C-D5C3-40CE-8BAE-C3D05AAC5F8A}.Release|Any CPU.ActiveCfg = Release|Any CPU
		{0D3FE78C-D5C3-40CE-8BAE-C3D05AAC5F8A}.Release|Any CPU.Build.0 = Release|Any CPU
		{D774DF98-D0CD-4FFD-9193-39A51D8F4D19}.Debug|Any CPU.ActiveCfg = Debug|Any CPU
		{D774DF98-D0CD-4FFD-9193-39A51D8F4D19}.Debug|Any CPU.Build.0 = Debug|Any CPU
		{D774DF98-D0CD-4FFD-9193-39A51D8F4D19}.Release|Any CPU.ActiveCfg = Release|Any CPU
		{D774DF98-D0CD-4FFD-9193-39A51D8F4D19}.Release|Any CPU.Build.0 = Release|Any CPU
		{54DFDC9C-50A4-49A1-B0CE-343E040EF97B}.Debug|Any CPU.ActiveCfg = Debug|Any CPU
		{54DFDC9C-50A4-49A1-B0CE-343E040EF97B}.Debug|Any CPU.Build.0 = Debug|Any CPU
		{54DFDC9C-50A4-49A1-B0CE-343E040EF97B}.Release|Any CPU.ActiveCfg = Release|Any CPU
		{54DFDC9C-50A4-49A1-B0CE-343E040EF97B}.Release|Any CPU.Build.0 = Release|Any CPU
		{6552C1B8-0AFA-45FE-8A04-055A41CDCD41}.Debug|Any CPU.ActiveCfg = Debug|Any CPU
		{6552C1B8-0AFA-45FE-8A04-055A41CDCD41}.Debug|Any CPU.Build.0 = Debug|Any CPU
		{6552C1B8-0AFA-45FE-8A04-055A41CDCD41}.Release|Any CPU.ActiveCfg = Release|Any CPU
		{6552C1B8-0AFA-45FE-8A04-055A41CDCD41}.Release|Any CPU.Build.0 = Release|Any CPU
		{80885760-2ABA-4A82-A743-2CE4A7E8D3F0}.Debug|Any CPU.ActiveCfg = Debug|Any CPU
		{80885760-2ABA-4A82-A743-2CE4A7E8D3F0}.Debug|Any CPU.Build.0 = Debug|Any CPU
		{80885760-2ABA-4A82-A743-2CE4A7E8D3F0}.Release|Any CPU.ActiveCfg = Release|Any CPU
		{80885760-2ABA-4A82-A743-2CE4A7E8D3F0}.Release|Any CPU.Build.0 = Release|Any CPU
		{CF958EB8-A928-441F-BACA-C66C7826D517}.Debug|Any CPU.ActiveCfg = Debug|Any CPU
		{CF958EB8-A928-441F-BACA-C66C7826D517}.Debug|Any CPU.Build.0 = Debug|Any CPU
		{CF958EB8-A928-441F-BACA-C66C7826D517}.Release|Any CPU.ActiveCfg = Release|Any CPU
		{CF958EB8-A928-441F-BACA-C66C7826D517}.Release|Any CPU.Build.0 = Release|Any CPU
		{2EAE4FBB-B30C-41FF-A606-1C7DA65207DA}.Debug|Any CPU.ActiveCfg = Debug|Any CPU
		{2EAE4FBB-B30C-41FF-A606-1C7DA65207DA}.Debug|Any CPU.Build.0 = Debug|Any CPU
		{2EAE4FBB-B30C-41FF-A606-1C7DA65207DA}.Release|Any CPU.ActiveCfg = Release|Any CPU
		{2EAE4FBB-B30C-41FF-A606-1C7DA65207DA}.Release|Any CPU.Build.0 = Release|Any CPU
		{D0817575-EC98-4F4C-9839-9E7BC5D8C117}.Debug|Any CPU.ActiveCfg = Debug|Any CPU
		{D0817575-EC98-4F4C-9839-9E7BC5D8C117}.Debug|Any CPU.Build.0 = Debug|Any CPU
		{D0817575-EC98-4F4C-9839-9E7BC5D8C117}.Release|Any CPU.ActiveCfg = Release|Any CPU
		{D0817575-EC98-4F4C-9839-9E7BC5D8C117}.Release|Any CPU.Build.0 = Release|Any CPU
		{3D7724F2-9199-4386-9F91-90620C73260A}.Debug|Any CPU.ActiveCfg = Debug|Any CPU
		{3D7724F2-9199-4386-9F91-90620C73260A}.Debug|Any CPU.Build.0 = Debug|Any CPU
		{3D7724F2-9199-4386-9F91-90620C73260A}.Release|Any CPU.ActiveCfg = Release|Any CPU
		{3D7724F2-9199-4386-9F91-90620C73260A}.Release|Any CPU.Build.0 = Release|Any CPU
		{8AA4685A-EE2E-4BA3-8AA0-A364F45ACAEC}.Debug|Any CPU.ActiveCfg = Debug|Any CPU
		{8AA4685A-EE2E-4BA3-8AA0-A364F45ACAEC}.Debug|Any CPU.Build.0 = Debug|Any CPU
		{8AA4685A-EE2E-4BA3-8AA0-A364F45ACAEC}.Release|Any CPU.ActiveCfg = Release|Any CPU
		{8AA4685A-EE2E-4BA3-8AA0-A364F45ACAEC}.Release|Any CPU.Build.0 = Release|Any CPU
	EndGlobalSection
	GlobalSection(SolutionProperties) = preSolution
		HideSolutionNode = FALSE
	EndGlobalSection
EndGlobal
