
Microsoft Visual Studio Solution File, Format Version 12.00
# Visual Studio 2013
VisualStudioVersion = 12.0.31101.0
MinimumVisualStudioVersion = 10.0.40219.1
Project("{FAE04EC0-301F-11D3-BF4B-00C04F79EFBC}") = "InterpreterPattern", "InterpreterPattern\InterpreterPattern.csproj", "{9ECEC916-7602-4ABC-8C9A-3DF4BA2FED4E}"
EndProject
Project("{FAE04EC0-301F-11D3-BF4B-00C04F79EFBC}") = "StatePattern", "StatePattern\StatePattern.csproj", "{1843D8A2-CE82-46D7-A280-0FED4E01C6EA}"
EndProject
Project("{FAE04EC0-301F-11D3-BF4B-00C04F79EFBC}") = "ObserverPattern", "ObserverPattern\ObserverPattern.csproj", "{3E729EA6-E5E6-4C40-B152-C5A1DB63494E}"
EndProject
Global
	GlobalSection(SolutionConfigurationPlatforms) = preSolution
		Debug|Any CPU = Debug|Any CPU
		Release|Any CPU = Release|Any CPU
	EndGlobalSection
	GlobalSection(ProjectConfigurationPlatforms) = postSolution
		{9ECEC916-7602-4ABC-8C9A-3DF4BA2FED4E}.Debug|Any CPU.ActiveCfg = Debug|Any CPU
		{9ECEC916-7602-4ABC-8C9A-3DF4BA2FED4E}.Debug|Any CPU.Build.0 = Debug|Any CPU
		{9ECEC916-7602-4ABC-8C9A-3DF4BA2FED4E}.Release|Any CPU.ActiveCfg = Release|Any CPU
		{9ECEC916-7602-4ABC-8C9A-3DF4BA2FED4E}.Release|Any CPU.Build.0 = Release|Any CPU
		{1843D8A2-CE82-46D7-A280-0FED4E01C6EA}.Debug|Any CPU.ActiveCfg = Debug|Any CPU
		{1843D8A2-CE82-46D7-A280-0FED4E01C6EA}.Debug|Any CPU.Build.0 = Debug|Any CPU
		{1843D8A2-CE82-46D7-A280-0FED4E01C6EA}.Release|Any CPU.ActiveCfg = Release|Any CPU
		{1843D8A2-CE82-46D7-A280-0FED4E01C6EA}.Release|Any CPU.Build.0 = Release|Any CPU
		{3E729EA6-E5E6-4C40-B152-C5A1DB63494E}.Debug|Any CPU.ActiveCfg = Debug|Any CPU
		{3E729EA6-E5E6-4C40-B152-C5A1DB63494E}.Debug|Any CPU.Build.0 = Debug|Any CPU
		{3E729EA6-E5E6-4C40-B152-C5A1DB63494E}.Release|Any CPU.ActiveCfg = Release|Any CPU
		{3E729EA6-E5E6-4C40-B152-C5A1DB63494E}.Release|Any CPU.Build.0 = Release|Any CPU
	EndGlobalSection
	GlobalSection(SolutionProperties) = preSolution
		HideSolutionNode = FALSE
	EndGlobalSection
EndGlobal
