
Microsoft Visual Studio Solution File, Format Version 12.00
# Visual Studio 2013
VisualStudioVersion = 12.0.21005.1
MinimumVisualStudioVersion = 10.0.40219.1
Project("{FAE04EC0-301F-11D3-BF4B-00C04F79EFBC}") = "01.LeapYear", "01.LeapYear\01.LeapYear.csproj", "{1454C152-F63D-4CBB-A9A3-AF80C54DADBF}"
EndProject
Project("{FAE04EC0-301F-11D3-BF4B-00C04F79EFBC}") = "02.RandomNumbers", "02.RandomNumbers\02.RandomNumbers.csproj", "{CE5A1356-42F5-43E6-9B13-D92B140CE561}"
EndProject
Project("{FAE04EC0-301F-11D3-BF4B-00C04F79EFBC}") = "03.DayOfWeek", "03.DayOfWeek\03.DayOfWeek.csproj", "{A4395A7E-7E40-4338-AEA8-07712D72C254}"
EndProject
Project("{FAE04EC0-301F-11D3-BF4B-00C04F79EFBC}") = "04.TriangleSurface", "04.TriangleSurface\04.TriangleSurface.csproj", "{82DB6286-E14C-422E-BDD0-1FCD4824E038}"
EndProject
Project("{FAE04EC0-301F-11D3-BF4B-00C04F79EFBC}") = "06.SumIntegers", "06.SumIntegers\06.SumIntegers.csproj", "{28569B82-F67D-4614-B084-2AB037586632}"
EndProject
Project("{FAE04EC0-301F-11D3-BF4B-00C04F79EFBC}") = "05.Workdays", "05.Workdays\05.Workdays.csproj", "{44E549DB-47DA-45D9-859C-B32074D524BE}"
EndProject
Project("{FAE04EC0-301F-11D3-BF4B-00C04F79EFBC}") = "07.ArithmeticalExpressions", "07.ArithmeticalExpressions\07.ArithmeticalExpressions.csproj", "{7EF496D8-7494-4EA1-B9D8-DC79D4BBF788}"
EndProject
Global
	GlobalSection(SolutionConfigurationPlatforms) = preSolution
		Debug|Any CPU = Debug|Any CPU
		Release|Any CPU = Release|Any CPU
	EndGlobalSection
	GlobalSection(ProjectConfigurationPlatforms) = postSolution
		{1454C152-F63D-4CBB-A9A3-AF80C54DADBF}.Debug|Any CPU.ActiveCfg = Debug|Any CPU
		{1454C152-F63D-4CBB-A9A3-AF80C54DADBF}.Debug|Any CPU.Build.0 = Debug|Any CPU
		{1454C152-F63D-4CBB-A9A3-AF80C54DADBF}.Release|Any CPU.ActiveCfg = Release|Any CPU
		{1454C152-F63D-4CBB-A9A3-AF80C54DADBF}.Release|Any CPU.Build.0 = Release|Any CPU
		{CE5A1356-42F5-43E6-9B13-D92B140CE561}.Debug|Any CPU.ActiveCfg = Debug|Any CPU
		{CE5A1356-42F5-43E6-9B13-D92B140CE561}.Debug|Any CPU.Build.0 = Debug|Any CPU
		{CE5A1356-42F5-43E6-9B13-D92B140CE561}.Release|Any CPU.ActiveCfg = Release|Any CPU
		{CE5A1356-42F5-43E6-9B13-D92B140CE561}.Release|Any CPU.Build.0 = Release|Any CPU
		{A4395A7E-7E40-4338-AEA8-07712D72C254}.Debug|Any CPU.ActiveCfg = Debug|Any CPU
		{A4395A7E-7E40-4338-AEA8-07712D72C254}.Debug|Any CPU.Build.0 = Debug|Any CPU
		{A4395A7E-7E40-4338-AEA8-07712D72C254}.Release|Any CPU.ActiveCfg = Release|Any CPU
		{A4395A7E-7E40-4338-AEA8-07712D72C254}.Release|Any CPU.Build.0 = Release|Any CPU
		{82DB6286-E14C-422E-BDD0-1FCD4824E038}.Debug|Any CPU.ActiveCfg = Debug|Any CPU
		{82DB6286-E14C-422E-BDD0-1FCD4824E038}.Debug|Any CPU.Build.0 = Debug|Any CPU
		{82DB6286-E14C-422E-BDD0-1FCD4824E038}.Release|Any CPU.ActiveCfg = Release|Any CPU
		{82DB6286-E14C-422E-BDD0-1FCD4824E038}.Release|Any CPU.Build.0 = Release|Any CPU
		{28569B82-F67D-4614-B084-2AB037586632}.Debug|Any CPU.ActiveCfg = Debug|Any CPU
		{28569B82-F67D-4614-B084-2AB037586632}.Debug|Any CPU.Build.0 = Debug|Any CPU
		{28569B82-F67D-4614-B084-2AB037586632}.Release|Any CPU.ActiveCfg = Release|Any CPU
		{28569B82-F67D-4614-B084-2AB037586632}.Release|Any CPU.Build.0 = Release|Any CPU
		{44E549DB-47DA-45D9-859C-B32074D524BE}.Debug|Any CPU.ActiveCfg = Debug|Any CPU
		{44E549DB-47DA-45D9-859C-B32074D524BE}.Debug|Any CPU.Build.0 = Debug|Any CPU
		{44E549DB-47DA-45D9-859C-B32074D524BE}.Release|Any CPU.ActiveCfg = Release|Any CPU
		{44E549DB-47DA-45D9-859C-B32074D524BE}.Release|Any CPU.Build.0 = Release|Any CPU
		{7EF496D8-7494-4EA1-B9D8-DC79D4BBF788}.Debug|Any CPU.ActiveCfg = Debug|Any CPU
		{7EF496D8-7494-4EA1-B9D8-DC79D4BBF788}.Debug|Any CPU.Build.0 = Debug|Any CPU
		{7EF496D8-7494-4EA1-B9D8-DC79D4BBF788}.Release|Any CPU.ActiveCfg = Release|Any CPU
		{7EF496D8-7494-4EA1-B9D8-DC79D4BBF788}.Release|Any CPU.Build.0 = Release|Any CPU
	EndGlobalSection
	GlobalSection(SolutionProperties) = preSolution
		HideSolutionNode = FALSE
	EndGlobalSection
EndGlobal
