
Microsoft Visual Studio Solution File, Format Version 12.00
# Visual Studio 2013
VisualStudioVersion = 12.0.31101.0
MinimumVisualStudioVersion = 10.0.40219.1
Project("{FAE04EC0-301F-11D3-BF4B-00C04F79EFBC}") = "01.QualityMethods", "01.QualityMethods\01.QualityMethods.csproj", "{3FFCF4E8-99A3-42DB-B268-276DF09B25F5}"
EndProject
Project("{FAE04EC0-301F-11D3-BF4B-00C04F79EFBC}") = "02.EnigmaCat", "02.RefactorCSharp2Exam\02.EnigmaCat.csproj", "{16E2718E-3EFC-4D26-B8A4-87F7306193BD}"
EndProject
Project("{FAE04EC0-301F-11D3-BF4B-00C04F79EFBC}") = "03.DecreasingAbsoluteDifference", "03.DecreasingAbsoluteDifference\03.DecreasingAbsoluteDifference.csproj", "{CA8C0AF3-CA6D-4328-81B8-065C5120966B}"
EndProject
Project("{FAE04EC0-301F-11D3-BF4B-00C04F79EFBC}") = "04.LoverOf3", "04.LoverOf3\04.LoverOf3.csproj", "{44D3D7DA-E1B1-4FB1-B6C1-4E86B600B8D6}"
EndProject
Global
	GlobalSection(SolutionConfigurationPlatforms) = preSolution
		Debug|Any CPU = Debug|Any CPU
		Release|Any CPU = Release|Any CPU
	EndGlobalSection
	GlobalSection(ProjectConfigurationPlatforms) = postSolution
		{3FFCF4E8-99A3-42DB-B268-276DF09B25F5}.Debug|Any CPU.ActiveCfg = Debug|Any CPU
		{3FFCF4E8-99A3-42DB-B268-276DF09B25F5}.Debug|Any CPU.Build.0 = Debug|Any CPU
		{3FFCF4E8-99A3-42DB-B268-276DF09B25F5}.Release|Any CPU.ActiveCfg = Release|Any CPU
		{3FFCF4E8-99A3-42DB-B268-276DF09B25F5}.Release|Any CPU.Build.0 = Release|Any CPU
		{16E2718E-3EFC-4D26-B8A4-87F7306193BD}.Debug|Any CPU.ActiveCfg = Debug|Any CPU
		{16E2718E-3EFC-4D26-B8A4-87F7306193BD}.Debug|Any CPU.Build.0 = Debug|Any CPU
		{16E2718E-3EFC-4D26-B8A4-87F7306193BD}.Release|Any CPU.ActiveCfg = Release|Any CPU
		{16E2718E-3EFC-4D26-B8A4-87F7306193BD}.Release|Any CPU.Build.0 = Release|Any CPU
		{CA8C0AF3-CA6D-4328-81B8-065C5120966B}.Debug|Any CPU.ActiveCfg = Debug|Any CPU
		{CA8C0AF3-CA6D-4328-81B8-065C5120966B}.Debug|Any CPU.Build.0 = Debug|Any CPU
		{CA8C0AF3-CA6D-4328-81B8-065C5120966B}.Release|Any CPU.ActiveCfg = Release|Any CPU
		{CA8C0AF3-CA6D-4328-81B8-065C5120966B}.Release|Any CPU.Build.0 = Release|Any CPU
		{44D3D7DA-E1B1-4FB1-B6C1-4E86B600B8D6}.Debug|Any CPU.ActiveCfg = Debug|Any CPU
		{44D3D7DA-E1B1-4FB1-B6C1-4E86B600B8D6}.Debug|Any CPU.Build.0 = Debug|Any CPU
		{44D3D7DA-E1B1-4FB1-B6C1-4E86B600B8D6}.Release|Any CPU.ActiveCfg = Release|Any CPU
		{44D3D7DA-E1B1-4FB1-B6C1-4E86B600B8D6}.Release|Any CPU.Build.0 = Release|Any CPU
	EndGlobalSection
	GlobalSection(SolutionProperties) = preSolution
		HideSolutionNode = FALSE
	EndGlobalSection
EndGlobal
